// !$*UTF8*$!
{
	archiveVersion = 1;
	classes = {
	};
	objectVersion = 77;
	objects = {

/* Begin PBXBuildFile section */
		00E4BD3CFAF83E32A2B2D951 /* AudioState.swift in Sources */ = {isa = PBXBuildFile; fileRef = 799AAA1A07398236EA60103E /* AudioState.swift */; };
		0420234A64D804A6352DED42 /* CorruptionEngineTests.swift in Sources */ = {isa = PBXBuildFile; fileRef = 2A3C8F60BAB273C6857AB532 /* CorruptionEngineTests.swift */; };
		0B658A8181BC6CFC2A70FC82 /* SanctumApp.swift in Sources */ = {isa = PBXBuildFile; fileRef = 6401F54713F43959920663F3 /* SanctumApp.swift */; };
		0B81501FD31B7F7CA03F8892 /* AnalysisEngine.swift in Sources */ = {isa = PBXBuildFile; fileRef = 028F40D63CC9FFAD89BB194F /* AnalysisEngine.swift */; };
		0DA7FD180DB09DE7B0E10E7F /* AnalysisEngineTests.swift in Sources */ = {isa = PBXBuildFile; fileRef = 556E934F85FB4EB6D83126E1 /* AnalysisEngineTests.swift */; };
		1803F32234EC6FE680BA232F /* BeatDetector.swift in Sources */ = {isa = PBXBuildFile; fileRef = 724C83D6ABE2F3AB690A3755 /* BeatDetector.swift */; };
		1A58E20AB4BCC9F7AB6A9156 /* BeatDetectorTests.swift in Sources */ = {isa = PBXBuildFile; fileRef = 3C046A41308FC92DD9494F60 /* BeatDetectorTests.swift */; };
		227020A399A519B4E8CBC93E /* Common.metal in Sources */ = {isa = PBXBuildFile; fileRef = 32CA56877D350AA297F1CF43 /* Common.metal */; };
		3744A745D48143EEC7D95275 /* AppDelegate.swift in Sources */ = {isa = PBXBuildFile; fileRef = 11572BD8443C0E8DB27DDDD8 /* AppDelegate.swift */; };
		3D6968B1768E40E18F98EA5B /* MetalRenderer.swift in Sources */ = {isa = PBXBuildFile; fileRef = 7E644976B655A462BC7F47F4 /* MetalRenderer.swift */; };
		68628E4359101187D0C89F09 /* CorruptionEngine.swift in Sources */ = {isa = PBXBuildFile; fileRef = C3CAE48EEFC42940037517CC /* CorruptionEngine.swift */; };
		98DF21366EC6F620B112D8E7 /* CorruptionPhaseTests.swift in Sources */ = {isa = PBXBuildFile; fileRef = A8AD5ABF8B31C2D45CC590BA /* CorruptionPhaseTests.swift */; };
		A9F4F33CCCADBDB6FAC25124 /* CorruptionPhase.swift in Sources */ = {isa = PBXBuildFile; fileRef = 8BF59272CFA61C671204A376 /* CorruptionPhase.swift */; };
		F164FDD4CE42CF828BB562E4 /* AudioTests.swift in Sources */ = {isa = PBXBuildFile; fileRef = AA68D6BCAECD504925F6AEC7 /* AudioTests.swift */; };
		F36173191470CED80EF08E83 /* AudioCapture.swift in Sources */ = {isa = PBXBuildFile; fileRef = 34680597FD9BA782A2AAC581 /* AudioCapture.swift */; };
		F3E12E56EF200AD7916C5442 /* AudioCaptureTests.swift in Sources */ = {isa = PBXBuildFile; fileRef = A9DA6296A0EF815A82F89728 /* AudioCaptureTests.swift */; };
/* End PBXBuildFile section */

/* Begin PBXContainerItemProxy section */
		9E68ED0EA3B35384BD313B77 /* PBXContainerItemProxy */ = {
			isa = PBXContainerItemProxy;
			containerPortal = 7D9404CED0469F781E66F21F /* Project object */;
			proxyType = 1;
			remoteGlobalIDString = DD6DF0F55971B2AC22E71272;
			remoteInfo = Sanctum;
		};
/* End PBXContainerItemProxy section */

/* Begin PBXFileReference section */
		028F40D63CC9FFAD89BB194F /* AnalysisEngine.swift */ = {isa = PBXFileReference; lastKnownFileType = sourcecode.swift; path = AnalysisEngine.swift; sourceTree = "<group>"; };
		11572BD8443C0E8DB27DDDD8 /* AppDelegate.swift */ = {isa = PBXFileReference; lastKnownFileType = sourcecode.swift; path = AppDelegate.swift; sourceTree = "<group>"; };
		19F0A6236FF3B0D473DBD094 /* .gitkeep */ = {isa = PBXFileReference; path = .gitkeep; sourceTree = "<group>"; };
		2A3C8F60BAB273C6857AB532 /* CorruptionEngineTests.swift */ = {isa = PBXFileReference; lastKnownFileType = sourcecode.swift; path = CorruptionEngineTests.swift; sourceTree = "<group>"; };
		32CA56877D350AA297F1CF43 /* Common.metal */ = {isa = PBXFileReference; lastKnownFileType = sourcecode.metal; path = Common.metal; sourceTree = "<group>"; };
		34680597FD9BA782A2AAC581 /* AudioCapture.swift */ = {isa = PBXFileReference; lastKnownFileType = sourcecode.swift; path = AudioCapture.swift; sourceTree = "<group>"; };
		3C046A41308FC92DD9494F60 /* BeatDetectorTests.swift */ = {isa = PBXFileReference; lastKnownFileType = sourcecode.swift; path = BeatDetectorTests.swift; sourceTree = "<group>"; };
		47862650897E7FD1ECEBBAF7 /* SanctumTests.xctest */ = {isa = PBXFileReference; explicitFileType = wrapper.cfbundle; includeInIndex = 0; path = SanctumTests.xctest; sourceTree = BUILT_PRODUCTS_DIR; };
		556E934F85FB4EB6D83126E1 /* AnalysisEngineTests.swift */ = {isa = PBXFileReference; lastKnownFileType = sourcecode.swift; path = AnalysisEngineTests.swift; sourceTree = "<group>"; };
		6401F54713F43959920663F3 /* SanctumApp.swift */ = {isa = PBXFileReference; lastKnownFileType = sourcecode.swift; path = SanctumApp.swift; sourceTree = "<group>"; };
		724C83D6ABE2F3AB690A3755 /* BeatDetector.swift */ = {isa = PBXFileReference; lastKnownFileType = sourcecode.swift; path = BeatDetector.swift; sourceTree = "<group>"; };
		799AAA1A07398236EA60103E /* AudioState.swift */ = {isa = PBXFileReference; lastKnownFileType = sourcecode.swift; path = AudioState.swift; sourceTree = "<group>"; };
		7E644976B655A462BC7F47F4 /* MetalRenderer.swift */ = {isa = PBXFileReference; lastKnownFileType = sourcecode.swift; path = MetalRenderer.swift; sourceTree = "<group>"; };
		8BF59272CFA61C671204A376 /* CorruptionPhase.swift */ = {isa = PBXFileReference; lastKnownFileType = sourcecode.swift; path = CorruptionPhase.swift; sourceTree = "<group>"; };
		A88DB26C0DF6B29608EFBC0C /* ShaderTypes.h */ = {isa = PBXFileReference; lastKnownFileType = sourcecode.c.h; path = ShaderTypes.h; sourceTree = "<group>"; };
		A8AD5ABF8B31C2D45CC590BA /* CorruptionPhaseTests.swift */ = {isa = PBXFileReference; lastKnownFileType = sourcecode.swift; path = CorruptionPhaseTests.swift; sourceTree = "<group>"; };
		A9DA6296A0EF815A82F89728 /* AudioCaptureTests.swift */ = {isa = PBXFileReference; lastKnownFileType = sourcecode.swift; path = AudioCaptureTests.swift; sourceTree = "<group>"; };
		AA68D6BCAECD504925F6AEC7 /* AudioTests.swift */ = {isa = PBXFileReference; lastKnownFileType = sourcecode.swift; path = AudioTests.swift; sourceTree = "<group>"; };
		C3CAE48EEFC42940037517CC /* CorruptionEngine.swift */ = {isa = PBXFileReference; lastKnownFileType = sourcecode.swift; path = CorruptionEngine.swift; sourceTree = "<group>"; };
		CD05641E48D8E5E6F7FEDEF4 /* Sanctum.app */ = {isa = PBXFileReference; explicitFileType = wrapper.application; includeInIndex = 0; path = Sanctum.app; sourceTree = BUILT_PRODUCTS_DIR; };
/* End PBXFileReference section */

/* Begin PBXGroup section */
		141AEE2F4683C89F82AA678F /* AudioTests */ = {
			isa = PBXGroup;
			children = (
				556E934F85FB4EB6D83126E1 /* AnalysisEngineTests.swift */,
				A9DA6296A0EF815A82F89728 /* AudioCaptureTests.swift */,
				AA68D6BCAECD504925F6AEC7 /* AudioTests.swift */,
				3C046A41308FC92DD9494F60 /* BeatDetectorTests.swift */,
			);
			path = AudioTests;
			sourceTree = "<group>";
		};
		21084F0E8EA4668266A69D21 /* Tests */ = {
			isa = PBXGroup;
			children = (
				141AEE2F4683C89F82AA678F /* AudioTests */,
				E179DA5BAAAFA3B04A07F5FE /* CompositionTests */,
				2A700C91E17BBD09152103A5 /* CorruptionTests */,
			);
			path = Tests;
			sourceTree = "<group>";
		};
		2A700C91E17BBD09152103A5 /* CorruptionTests */ = {
			isa = PBXGroup;
			children = (
				2A3C8F60BAB273C6857AB532 /* CorruptionEngineTests.swift */,
				A8AD5ABF8B31C2D45CC590BA /* CorruptionPhaseTests.swift */,
			);
			path = CorruptionTests;
			sourceTree = "<group>";
		};
		32A2FC36AA50A1263F42EE97 /* Display */ = {
			isa = PBXGroup;
			children = (
				7E644976B655A462BC7F47F4 /* MetalRenderer.swift */,
			);
			path = Display;
			sourceTree = "<group>";
		};
		4641A0A4F092EB8BE508E964 /* Audio */ = {
			isa = PBXGroup;
			children = (
				028F40D63CC9FFAD89BB194F /* AnalysisEngine.swift */,
				34680597FD9BA782A2AAC581 /* AudioCapture.swift */,
				799AAA1A07398236EA60103E /* AudioState.swift */,
				724C83D6ABE2F3AB690A3755 /* BeatDetector.swift */,
			);
			path = Audio;
			sourceTree = "<group>";
		};
		59C0829537C4AFA041E383F5 /* Corruption */ = {
			isa = PBXGroup;
			children = (
				C3CAE48EEFC42940037517CC /* CorruptionEngine.swift */,
				8BF59272CFA61C671204A376 /* CorruptionPhase.swift */,
			);
			path = Corruption;
			sourceTree = "<group>";
		};
		5D0C7AAB6666C530432640CA /* Shaders */ = {
			isa = PBXGroup;
			children = (
				32CA56877D350AA297F1CF43 /* Common.metal */,
				A88DB26C0DF6B29608EFBC0C /* ShaderTypes.h */,
			);
			path = Shaders;
			sourceTree = "<group>";
		};
		95550B3E2AF67FD8F35060B8 /* Products */ = {
			isa = PBXGroup;
			children = (
				CD05641E48D8E5E6F7FEDEF4 /* Sanctum.app */,
				47862650897E7FD1ECEBBAF7 /* SanctumTests.xctest */,
			);
			name = Products;
			sourceTree = "<group>";
		};
		BC682B859FF3B3911D7FF169 /* Sources */ = {
			isa = PBXGroup;
			children = (
				E5BC6126A0A06933A8FF41F3 /* App */,
				4641A0A4F092EB8BE508E964 /* Audio */,
				59C0829537C4AFA041E383F5 /* Corruption */,
				32A2FC36AA50A1263F42EE97 /* Display */,
				5D0C7AAB6666C530432640CA /* Shaders */,
			);
			path = Sources;
			sourceTree = "<group>";
		};
		C3BD0158A7BD3034C4DE9F0C = {
			isa = PBXGroup;
			children = (
				BC682B859FF3B3911D7FF169 /* Sources */,
				21084F0E8EA4668266A69D21 /* Tests */,
				95550B3E2AF67FD8F35060B8 /* Products */,
			);
			sourceTree = "<group>";
		};
		E179DA5BAAAFA3B04A07F5FE /* CompositionTests */ = {
			isa = PBXGroup;
			children = (
				19F0A6236FF3B0D473DBD094 /* .gitkeep */,
			);
			path = CompositionTests;
			sourceTree = "<group>";
		};
		E5BC6126A0A06933A8FF41F3 /* App */ = {
			isa = PBXGroup;
			children = (
				11572BD8443C0E8DB27DDDD8 /* AppDelegate.swift */,
				6401F54713F43959920663F3 /* SanctumApp.swift */,
			);
			path = App;
			sourceTree = "<group>";
		};
/* End PBXGroup section */

/* Begin PBXNativeTarget section */
		B21B0D377FA5BA66D3194B6C /* SanctumTests */ = {
			isa = PBXNativeTarget;
			buildConfigurationList = 112833285B650B34C5EE7613 /* Build configuration list for PBXNativeTarget "SanctumTests" */;
			buildPhases = (
				72B5070D480B6170C332C71A /* Sources */,
			);
			buildRules = (
			);
			dependencies = (
				886F9BD5624D5F1ED31A71A9 /* PBXTargetDependency */,
			);
			name = SanctumTests;
			packageProductDependencies = (
			);
			productName = SanctumTests;
			productReference = 47862650897E7FD1ECEBBAF7 /* SanctumTests.xctest */;
			productType = "com.apple.product-type.bundle.unit-test";
		};
		DD6DF0F55971B2AC22E71272 /* Sanctum */ = {
			isa = PBXNativeTarget;
			buildConfigurationList = FF91AF5942C93D789F5230B1 /* Build configuration list for PBXNativeTarget "Sanctum" */;
			buildPhases = (
				4C16C53C619B36E652173FFF /* Sources */,
			);
			buildRules = (
			);
			dependencies = (
			);
			name = Sanctum;
			packageProductDependencies = (
			);
			productName = Sanctum;
			productReference = CD05641E48D8E5E6F7FEDEF4 /* Sanctum.app */;
			productType = "com.apple.product-type.application";
		};
/* End PBXNativeTarget section */

/* Begin PBXProject section */
		7D9404CED0469F781E66F21F /* Project object */ = {
			isa = PBXProject;
			attributes = {
				BuildIndependentTargetsInParallel = YES;
				LastUpgradeCheck = 1430;
				TargetAttributes = {
				};
			};
			buildConfigurationList = E068CE197AE5CFA613620BC6 /* Build configuration list for PBXProject "Sanctum" */;
			developmentRegion = en;
			hasScannedForEncodings = 0;
			knownRegions = (
				Base,
				en,
			);
			mainGroup = C3BD0158A7BD3034C4DE9F0C;
			minimizedProjectReferenceProxies = 1;
			preferredProjectObjectVersion = 77;
			productRefGroup = 95550B3E2AF67FD8F35060B8 /* Products */;
			projectDirPath = "";
			projectRoot = "";
			targets = (
				DD6DF0F55971B2AC22E71272 /* Sanctum */,
				B21B0D377FA5BA66D3194B6C /* SanctumTests */,
			);
		};
/* End PBXProject section */

/* Begin PBXSourcesBuildPhase section */
		4C16C53C619B36E652173FFF /* Sources */ = {
			isa = PBXSourcesBuildPhase;
			buildActionMask = 2147483647;
			files = (
				0B81501FD31B7F7CA03F8892 /* AnalysisEngine.swift in Sources */,
				3744A745D48143EEC7D95275 /* AppDelegate.swift in Sources */,
				F36173191470CED80EF08E83 /* AudioCapture.swift in Sources */,
				00E4BD3CFAF83E32A2B2D951 /* AudioState.swift in Sources */,
				1803F32234EC6FE680BA232F /* BeatDetector.swift in Sources */,
				227020A399A519B4E8CBC93E /* Common.metal in Sources */,
				68628E4359101187D0C89F09 /* CorruptionEngine.swift in Sources */,
				A9F4F33CCCADBDB6FAC25124 /* CorruptionPhase.swift in Sources */,
				3D6968B1768E40E18F98EA5B /* MetalRenderer.swift in Sources */,
				0B658A8181BC6CFC2A70FC82 /* SanctumApp.swift in Sources */,
			);
			runOnlyForDeploymentPostprocessing = 0;
		};
		72B5070D480B6170C332C71A /* Sources */ = {
			isa = PBXSourcesBuildPhase;
			buildActionMask = 2147483647;
			files = (
				0DA7FD180DB09DE7B0E10E7F /* AnalysisEngineTests.swift in Sources */,
				F3E12E56EF200AD7916C5442 /* AudioCaptureTests.swift in Sources */,
				F164FDD4CE42CF828BB562E4 /* AudioTests.swift in Sources */,
				1A58E20AB4BCC9F7AB6A9156 /* BeatDetectorTests.swift in Sources */,
				0420234A64D804A6352DED42 /* CorruptionEngineTests.swift in Sources */,
				98DF21366EC6F620B112D8E7 /* CorruptionPhaseTests.swift in Sources */,
			);
			runOnlyForDeploymentPostprocessing = 0;
		};
/* End PBXSourcesBuildPhase section */

/* Begin PBXTargetDependency section */
		886F9BD5624D5F1ED31A71A9 /* PBXTargetDependency */ = {
			isa = PBXTargetDependency;
			target = DD6DF0F55971B2AC22E71272 /* Sanctum */;
			targetProxy = 9E68ED0EA3B35384BD313B77 /* PBXContainerItemProxy */;
		};
/* End PBXTargetDependency section */

/* Begin XCBuildConfiguration section */
		102895837F75FA989AC1AA9A /* Debug */ = {
			isa = XCBuildConfiguration;
			buildSettings = {
				BUNDLE_LOADER = "$(TEST_HOST)";
				COMBINE_HIDPI_IMAGES = YES;
				GENERATE_INFOPLIST_FILE = YES;
				LD_RUNPATH_SEARCH_PATHS = (
					"$(inherited)",
					"@executable_path/../Frameworks",
					"@loader_path/../Frameworks",
				);
				PRODUCT_BUNDLE_IDENTIFIER = com.michaelvacirca.sanctum.tests;
				SDKROOT = macosx;
				TEST_HOST = "$(BUILT_PRODUCTS_DIR)/Sanctum.app/Contents/MacOS/Sanctum";
			};
			name = Debug;
		};
		2D649DC9CC77D93A815F660E /* Release */ = {
			isa = XCBuildConfiguration;
			buildSettings = {
				ASSETCATALOG_COMPILER_APPICON_NAME = AppIcon;
				COMBINE_HIDPI_IMAGES = YES;
				CURRENT_PROJECT_VERSION = 1;
				GENERATE_INFOPLIST_FILE = YES;
				INFOPLIST_GENERATION_MODE = GenerateAsNeeded;
				LD_RUNPATH_SEARCH_PATHS = (
					"$(inherited)",
					"@executable_path/../Frameworks",
				);
				MARKETING_VERSION = 0.1.0;
				NSMicrophoneUsageDescription = "Sanctum needs audio input access to analyze music for visual generation";
				PRODUCT_BUNDLE_IDENTIFIER = com.michaelvacirca.sanctum;
				SDKROOT = macosx;
			};
			name = Release;
		};
		444C47E977304E07314DAAF3 /* Release */ = {
			isa = XCBuildConfiguration;
			buildSettings = {
				ALWAYS_SEARCH_USER_PATHS = NO;
				CLANG_ANALYZER_NONNULL = YES;
				CLANG_ANALYZER_NUMBER_OBJECT_CONVERSION = YES_AGGRESSIVE;
				CLANG_CXX_LANGUAGE_STANDARD = "gnu++14";
				CLANG_CXX_LIBRARY = "libc++";
				CLANG_ENABLE_MODULES = YES;
				CLANG_ENABLE_OBJC_ARC = YES;
				CLANG_ENABLE_OBJC_WEAK = YES;
				CLANG_WARN_BLOCK_CAPTURE_AUTORELEASING = YES;
				CLANG_WARN_BOOL_CONVERSION = YES;
				CLANG_WARN_COMMA = YES;
				CLANG_WARN_CONSTANT_CONVERSION = YES;
				CLANG_WARN_DEPRECATED_OBJC_IMPLEMENTATIONS = YES;
				CLANG_WARN_DIRECT_OBJC_ISA_USAGE = YES_ERROR;
				CLANG_WARN_DOCUMENTATION_COMMENTS = YES;
				CLANG_WARN_EMPTY_BODY = YES;
				CLANG_WARN_ENUM_CONVERSION = YES;
				CLANG_WARN_INFINITE_RECURSION = YES;
				CLANG_WARN_INT_CONVERSION = YES;
				CLANG_WARN_NON_LITERAL_NULL_CONVERSION = YES;
				CLANG_WARN_OBJC_IMPLICIT_RETAIN_SELF = YES;
				CLANG_WARN_OBJC_LITERAL_CONVERSION = YES;
				CLANG_WARN_OBJC_ROOT_CLASS = YES_ERROR;
				CLANG_WARN_QUOTED_INCLUDE_IN_FRAMEWORK_HEADER = YES;
				CLANG_WARN_RANGE_LOOP_ANALYSIS = YES;
				CLANG_WARN_STRICT_PROTOTYPES = YES;
				CLANG_WARN_SUSPICIOUS_MOVE = YES;
				CLANG_WARN_UNGUARDED_AVAILABILITY = YES_AGGRESSIVE;
				CLANG_WARN_UNREACHABLE_CODE = YES;
				CLANG_WARN__DUPLICATE_METHOD_MATCH = YES;
				COPY_PHASE_STRIP = NO;
				DEBUG_INFORMATION_FORMAT = "dwarf-with-dsym";
				ENABLE_NS_ASSERTIONS = NO;
				ENABLE_STRICT_OBJC_MSGSEND = YES;
				GCC_C_LANGUAGE_STANDARD = gnu11;
				GCC_NO_COMMON_BLOCKS = YES;
				GCC_WARN_64_TO_32_BIT_CONVERSION = YES;
				GCC_WARN_ABOUT_RETURN_TYPE = YES_ERROR;
				GCC_WARN_UNDECLARED_SELECTOR = YES;
				GCC_WARN_UNINITIALIZED_AUTOS = YES_AGGRESSIVE;
				GCC_WARN_UNUSED_FUNCTION = YES;
				GCC_WARN_UNUSED_VARIABLE = YES;
				MACOSX_DEPLOYMENT_TARGET = 15.0;
				METAL_LANGUAGE_REVISION = Metal31;
				MTL_ENABLE_DEBUG_INFO = NO;
				MTL_FAST_MATH = YES;
				PRODUCT_NAME = "$(TARGET_NAME)";
				SDKROOT = macosx;
				SWIFT_COMPILATION_MODE = wholemodule;
				SWIFT_OPTIMIZATION_LEVEL = "-O";
				SWIFT_VERSION = 6.0;
			};
			name = Release;
		};
		78C653A525533E78F0835BF4 /* Release */ = {
			isa = XCBuildConfiguration;
			buildSettings = {
				BUNDLE_LOADER = "$(TEST_HOST)";
				COMBINE_HIDPI_IMAGES = YES;
				GENERATE_INFOPLIST_FILE = YES;
				LD_RUNPATH_SEARCH_PATHS = (
					"$(inherited)",
					"@executable_path/../Frameworks",
					"@loader_path/../Frameworks",
				);
				PRODUCT_BUNDLE_IDENTIFIER = com.michaelvacirca.sanctum.tests;
				SDKROOT = macosx;
				TEST_HOST = "$(BUILT_PRODUCTS_DIR)/Sanctum.app/Contents/MacOS/Sanctum";
			};
			name = Release;
		};
		B7B4F43F29DDAA4487B61F2A /* Debug */ = {
			isa = XCBuildConfiguration;
			buildSettings = {
				ASSETCATALOG_COMPILER_APPICON_NAME = AppIcon;
				COMBINE_HIDPI_IMAGES = YES;
				CURRENT_PROJECT_VERSION = 1;
				GENERATE_INFOPLIST_FILE = YES;
				INFOPLIST_GENERATION_MODE = GenerateAsNeeded;
				LD_RUNPATH_SEARCH_PATHS = (
					"$(inherited)",
					"@executable_path/../Frameworks",
				);
				MARKETING_VERSION = 0.1.0;
				NSMicrophoneUsageDescription = "Sanctum needs audio input access to analyze music for visual generation";
				PRODUCT_BUNDLE_IDENTIFIER = com.michaelvacirca.sanctum;
				SDKROOT = macosx;
			};
			name = Debug;
		};
		D84E64F2C9F624894E48E14A /* Debug */ = {
			isa = XCBuildConfiguration;
			buildSettings = {
				ALWAYS_SEARCH_USER_PATHS = NO;
				CLANG_ANALYZER_NONNULL = YES;
				CLANG_ANALYZER_NUMBER_OBJECT_CONVERSION = YES_AGGRESSIVE;
				CLANG_CXX_LANGUAGE_STANDARD = "gnu++14";
				CLANG_CXX_LIBRARY = "libc++";
				CLANG_ENABLE_MODULES = YES;
				CLANG_ENABLE_OBJC_ARC = YES;
				CLANG_ENABLE_OBJC_WEAK = YES;
				CLANG_WARN_BLOCK_CAPTURE_AUTORELEASING = YES;
				CLANG_WARN_BOOL_CONVERSION = YES;
				CLANG_WARN_COMMA = YES;
				CLANG_WARN_CONSTANT_CONVERSION = YES;
				CLANG_WARN_DEPRECATED_OBJC_IMPLEMENTATIONS = YES;
				CLANG_WARN_DIRECT_OBJC_ISA_USAGE = YES_ERROR;
				CLANG_WARN_DOCUMENTATION_COMMENTS = YES;
				CLANG_WARN_EMPTY_BODY = YES;
				CLANG_WARN_ENUM_CONVERSION = YES;
				CLANG_WARN_INFINITE_RECURSION = YES;
				CLANG_WARN_INT_CONVERSION = YES;
				CLANG_WARN_NON_LITERAL_NULL_CONVERSION = YES;
				CLANG_WARN_OBJC_IMPLICIT_RETAIN_SELF = YES;
				CLANG_WARN_OBJC_LITERAL_CONVERSION = YES;
				CLANG_WARN_OBJC_ROOT_CLASS = YES_ERROR;
				CLANG_WARN_QUOTED_INCLUDE_IN_FRAMEWORK_HEADER = YES;
				CLANG_WARN_RANGE_LOOP_ANALYSIS = YES;
				CLANG_WARN_STRICT_PROTOTYPES = YES;
				CLANG_WARN_SUSPICIOUS_MOVE = YES;
				CLANG_WARN_UNGUARDED_AVAILABILITY = YES_AGGRESSIVE;
				CLANG_WARN_UNREACHABLE_CODE = YES;
				CLANG_WARN__DUPLICATE_METHOD_MATCH = YES;
				COPY_PHASE_STRIP = NO;
				DEBUG_INFORMATION_FORMAT = dwarf;
				ENABLE_STRICT_OBJC_MSGSEND = YES;
				ENABLE_TESTABILITY = YES;
				GCC_C_LANGUAGE_STANDARD = gnu11;
				GCC_DYNAMIC_NO_PIC = NO;
				GCC_NO_COMMON_BLOCKS = YES;
				GCC_OPTIMIZATION_LEVEL = 0;
				GCC_PREPROCESSOR_DEFINITIONS = (
					"$(inherited)",
					"DEBUG=1",
				);
				GCC_WARN_64_TO_32_BIT_CONVERSION = YES;
				GCC_WARN_ABOUT_RETURN_TYPE = YES_ERROR;
				GCC_WARN_UNDECLARED_SELECTOR = YES;
				GCC_WARN_UNINITIALIZED_AUTOS = YES_AGGRESSIVE;
				GCC_WARN_UNUSED_FUNCTION = YES;
				GCC_WARN_UNUSED_VARIABLE = YES;
				MACOSX_DEPLOYMENT_TARGET = 15.0;
				METAL_LANGUAGE_REVISION = Metal31;
				MTL_ENABLE_DEBUG_INFO = INCLUDE_SOURCE;
				MTL_FAST_MATH = YES;
				ONLY_ACTIVE_ARCH = YES;
				PRODUCT_NAME = "$(TARGET_NAME)";
				SDKROOT = macosx;
				SWIFT_ACTIVE_COMPILATION_CONDITIONS = DEBUG;
				SWIFT_OPTIMIZATION_LEVEL = "-Onone";
				SWIFT_VERSION = 6.0;
			};
			name = Debug;
		};
/* End XCBuildConfiguration section */

/* Begin XCConfigurationList section */
		112833285B650B34C5EE7613 /* Build configuration list for PBXNativeTarget "SanctumTests" */ = {
			isa = XCConfigurationList;
			buildConfigurations = (
				102895837F75FA989AC1AA9A /* Debug */,
				78C653A525533E78F0835BF4 /* Release */,
			);
			defaultConfigurationIsVisible = 0;
			defaultConfigurationName = Debug;
		};
		E068CE197AE5CFA613620BC6 /* Build configuration list for PBXProject "Sanctum" */ = {
			isa = XCConfigurationList;
			buildConfigurations = (
				D84E64F2C9F624894E48E14A /* Debug */,
				444C47E977304E07314DAAF3 /* Release */,
			);
			defaultConfigurationIsVisible = 0;
			defaultConfigurationName = Debug;
		};
		FF91AF5942C93D789F5230B1 /* Build configuration list for PBXNativeTarget "Sanctum" */ = {
			isa = XCConfigurationList;
			buildConfigurations = (
				B7B4F43F29DDAA4487B61F2A /* Debug */,
				2D649DC9CC77D93A815F660E /* Release */,
			);
			defaultConfigurationIsVisible = 0;
			defaultConfigurationName = Debug;
		};
/* End XCConfigurationList section */
	};
	rootObject = 7D9404CED0469F781E66F21F /* Project object */;
}
